
Microsoft Visual Studio Solution File, Format Version 12.00
# Visual Studio 2012
Project("{FAE04EC0-301F-11D3-BF4B-00C04F79EFBC}") = "02.reversesString", "02.reversesString\02.reversesString.csproj", "{8FC5E4D5-1015-4792-B234-7D0B383EF67B}"
EndProject
Project("{FAE04EC0-301F-11D3-BF4B-00C04F79EFBC}") = "03.putCorrectlyBrackets", "03.putCorrectlyBrackets\03.putCorrectlyBrackets.csproj", "{3627402C-AD9A-42DB-AFC4-BD1A2446F30D}"
EndProject
Project("{FAE04EC0-301F-11D3-BF4B-00C04F79EFBC}") = "04.substringIsContained", "04.substringIsContained\04.substringIsContained.csproj", "{32FE1A0F-38A3-4E47-B322-BED26BE811E8}"
EndProject
Project("{FAE04EC0-301F-11D3-BF4B-00C04F79EFBC}") = "05.chanegeTheTextToUppercase", "05.chanegeTheTextToUppercase\05.chanegeTheTextToUppercase.csproj", "{086C30D5-F364-4E1F-9060-0BD59FF46140}"
EndProject
Project("{FAE04EC0-301F-11D3-BF4B-00C04F79EFBC}") = "06.reads20characters", "06.reads20characters\06.reads20characters.csproj", "{F2FABF04-DC10-40B4-878B-6F20CE573DAD}"
EndProject
Project("{FAE04EC0-301F-11D3-BF4B-00C04F79EFBC}") = "07.encodesAndDecodes", "07.encodesAndDecodes\07.encodesAndDecodes.csproj", "{1756B49F-2DA4-47B7-90CA-6C692C50D4EB}"
EndProject
Project("{FAE04EC0-301F-11D3-BF4B-00C04F79EFBC}") = "08.extrSentencesByGivWord", "08.extrSentencesByGivWord\08.extrSentencesByGivWord.csproj", "{12070769-133F-42FD-867F-36DA47134986}"
EndProject
Project("{FAE04EC0-301F-11D3-BF4B-00C04F79EFBC}") = "09.replaysForbidenWord", "09.replaysForbidenWord\09.replaysForbidenWord.csproj", "{20BABF93-FE72-46A7-962B-CA2FA7C51467}"
EndProject
Project("{FAE04EC0-301F-11D3-BF4B-00C04F79EFBC}") = "10.convertsStringUcharacter", "11.convertsStringUcharacter\10.convertsStringUcharacter.csproj", "{2F46FD59-4966-416C-B4F2-DFAAD013B40C}"
EndProject
Project("{FAE04EC0-301F-11D3-BF4B-00C04F79EFBC}") = "11.numberAsdiferentTypes", "11.numberAsdiferentTypes\11.numberAsdiferentTypes.csproj", "{AFCCA16B-5C13-49B4-983C-931D844C9F8F}"
EndProject
Project("{FAE04EC0-301F-11D3-BF4B-00C04F79EFBC}") = "12.formatUrl", "12.formatUrl\12.formatUrl.csproj", "{4BC95AA1-4080-4E27-BFF8-C91685623B2C}"
EndProject
Project("{FAE04EC0-301F-11D3-BF4B-00C04F79EFBC}") = "13.reversesTheWord", "13.reversesTheWord\13.reversesTheWord.csproj", "{27DCFC26-1B8E-46F7-9863-3319955C8CAF}"
EndProject
Project("{FAE04EC0-301F-11D3-BF4B-00C04F79EFBC}") = "14.wordTranslates", "14.wordTranslates\14.wordTranslates.csproj", "{816608EE-C0EE-4024-BB7A-2BCC08864F4B}"
EndProject
Project("{FAE04EC0-301F-11D3-BF4B-00C04F79EFBC}") = "15.replacesHTML", "15.replacesHTML\15.replacesHTML.csproj", "{9C191318-7CB5-46B5-A802-A88252E403B3}"
EndProject
Project("{FAE04EC0-301F-11D3-BF4B-00C04F79EFBC}") = "16.calculatesNumberDays", "16.calculatesNumberDays\16.calculatesNumberDays.csproj", "{72C1A492-8534-4607-A205-E8BE3A8E4FE0}"
EndProject
Project("{FAE04EC0-301F-11D3-BF4B-00C04F79EFBC}") = "17.printDateAndTymeAftPeriod", "17.printDateAndTymeAftPeriod\17.printDateAndTymeAftPeriod.csproj", "{185A471E-3F7A-4E1E-A899-23F69E928DC8}"
EndProject
Project("{FAE04EC0-301F-11D3-BF4B-00C04F79EFBC}") = "18.extractingAllEmail", "18.extractingAllEmail\18.extractingAllEmail.csproj", "{551FD5E5-524E-485F-AE83-A527741435F2}"
EndProject
Project("{FAE04EC0-301F-11D3-BF4B-00C04F79EFBC}") = "19.extractDate", "19.extractDate\19.extractDate.csproj", "{A5361267-0EC9-4388-A6D1-5342EC2CB261}"
EndProject
Project("{FAE04EC0-301F-11D3-BF4B-00C04F79EFBC}") = "20.extractsPalindromes", "20.extractsPalindromes\20.extractsPalindromes.csproj", "{00751E22-4B25-4BD1-8FE8-6371608E4F18}"
EndProject
Project("{FAE04EC0-301F-11D3-BF4B-00C04F79EFBC}") = "21.howManyTimesLetterIsFound", "21.howManyTimesLetterIsFound\21.howManyTimesLetterIsFound.csproj", "{69D5B585-616D-46CE-BF0C-417FB8B425BC}"
EndProject
Project("{FAE04EC0-301F-11D3-BF4B-00C04F79EFBC}") = "22.howManyTimesWordIsFound", "22.howManyTimesWordIsFound\22.howManyTimesWordIsFound.csproj", "{6CE3C455-6161-48FE-8EA3-24A75FBE9D13}"
EndProject
Project("{FAE04EC0-301F-11D3-BF4B-00C04F79EFBC}") = "23.removeDublicate", "23.removeDublicate\23.removeDublicate.csproj", "{6BB365E1-3B03-4185-A5CF-31D0CA0DFBAC}"
EndProject
Project("{FAE04EC0-301F-11D3-BF4B-00C04F79EFBC}") = "24.alphabeticalOrder", "24.alphabeticalOrder\24.alphabeticalOrder.csproj", "{7F514113-79B8-455C-B670-CD2AE025E3E6}"
EndProject
Project("{FAE04EC0-301F-11D3-BF4B-00C04F79EFBC}") = "25.extractswithoutHTMLtags", "25.extractswithoutHTMLtags\25.extractswithoutHTMLtags.csproj", "{37D78E4E-0689-4380-91A4-CA37363D1013}"
EndProject
Global
	GlobalSection(SolutionConfigurationPlatforms) = preSolution
		Debug|Any CPU = Debug|Any CPU
		Release|Any CPU = Release|Any CPU
	EndGlobalSection
	GlobalSection(ProjectConfigurationPlatforms) = postSolution
		{8FC5E4D5-1015-4792-B234-7D0B383EF67B}.Debug|Any CPU.ActiveCfg = Debug|Any CPU
		{8FC5E4D5-1015-4792-B234-7D0B383EF67B}.Debug|Any CPU.Build.0 = Debug|Any CPU
		{8FC5E4D5-1015-4792-B234-7D0B383EF67B}.Release|Any CPU.ActiveCfg = Release|Any CPU
		{8FC5E4D5-1015-4792-B234-7D0B383EF67B}.Release|Any CPU.Build.0 = Release|Any CPU
		{3627402C-AD9A-42DB-AFC4-BD1A2446F30D}.Debug|Any CPU.ActiveCfg = Debug|Any CPU
		{3627402C-AD9A-42DB-AFC4-BD1A2446F30D}.Debug|Any CPU.Build.0 = Debug|Any CPU
		{3627402C-AD9A-42DB-AFC4-BD1A2446F30D}.Release|Any CPU.ActiveCfg = Release|Any CPU
		{3627402C-AD9A-42DB-AFC4-BD1A2446F30D}.Release|Any CPU.Build.0 = Release|Any CPU
		{32FE1A0F-38A3-4E47-B322-BED26BE811E8}.Debug|Any CPU.ActiveCfg = Debug|Any CPU
		{32FE1A0F-38A3-4E47-B322-BED26BE811E8}.Debug|Any CPU.Build.0 = Debug|Any CPU
		{32FE1A0F-38A3-4E47-B322-BED26BE811E8}.Release|Any CPU.ActiveCfg = Release|Any CPU
		{32FE1A0F-38A3-4E47-B322-BED26BE811E8}.Release|Any CPU.Build.0 = Release|Any CPU
		{086C30D5-F364-4E1F-9060-0BD59FF46140}.Debug|Any CPU.ActiveCfg = Debug|Any CPU
		{086C30D5-F364-4E1F-9060-0BD59FF46140}.Debug|Any CPU.Build.0 = Debug|Any CPU
		{086C30D5-F364-4E1F-9060-0BD59FF46140}.Release|Any CPU.ActiveCfg = Release|Any CPU
		{086C30D5-F364-4E1F-9060-0BD59FF46140}.Release|Any CPU.Build.0 = Release|Any CPU
		{F2FABF04-DC10-40B4-878B-6F20CE573DAD}.Debug|Any CPU.ActiveCfg = Debug|Any CPU
		{F2FABF04-DC10-40B4-878B-6F20CE573DAD}.Debug|Any CPU.Build.0 = Debug|Any CPU
		{F2FABF04-DC10-40B4-878B-6F20CE573DAD}.Release|Any CPU.ActiveCfg = Release|Any CPU
		{F2FABF04-DC10-40B4-878B-6F20CE573DAD}.Release|Any CPU.Build.0 = Release|Any CPU
		{1756B49F-2DA4-47B7-90CA-6C692C50D4EB}.Debug|Any CPU.ActiveCfg = Debug|Any CPU
		{1756B49F-2DA4-47B7-90CA-6C692C50D4EB}.Debug|Any CPU.Build.0 = Debug|Any CPU
		{1756B49F-2DA4-47B7-90CA-6C692C50D4EB}.Release|Any CPU.ActiveCfg = Release|Any CPU
		{1756B49F-2DA4-47B7-90CA-6C692C50D4EB}.Release|Any CPU.Build.0 = Release|Any CPU
		{12070769-133F-42FD-867F-36DA47134986}.Debug|Any CPU.ActiveCfg = Debug|Any CPU
		{12070769-133F-42FD-867F-36DA47134986}.Debug|Any CPU.Build.0 = Debug|Any CPU
		{12070769-133F-42FD-867F-36DA47134986}.Release|Any CPU.ActiveCfg = Release|Any CPU
		{12070769-133F-42FD-867F-36DA47134986}.Release|Any CPU.Build.0 = Release|Any CPU
		{20BABF93-FE72-46A7-962B-CA2FA7C51467}.Debug|Any CPU.ActiveCfg = Debug|Any CPU
		{20BABF93-FE72-46A7-962B-CA2FA7C51467}.Debug|Any CPU.Build.0 = Debug|Any CPU
		{20BABF93-FE72-46A7-962B-CA2FA7C51467}.Release|Any CPU.ActiveCfg = Release|Any CPU
		{20BABF93-FE72-46A7-962B-CA2FA7C51467}.Release|Any CPU.Build.0 = Release|Any CPU
		{2F46FD59-4966-416C-B4F2-DFAAD013B40C}.Debug|Any CPU.ActiveCfg = Debug|Any CPU
		{2F46FD59-4966-416C-B4F2-DFAAD013B40C}.Debug|Any CPU.Build.0 = Debug|Any CPU
		{2F46FD59-4966-416C-B4F2-DFAAD013B40C}.Release|Any CPU.ActiveCfg = Release|Any CPU
		{2F46FD59-4966-416C-B4F2-DFAAD013B40C}.Release|Any CPU.Build.0 = Release|Any CPU
		{AFCCA16B-5C13-49B4-983C-931D844C9F8F}.Debug|Any CPU.ActiveCfg = Debug|Any CPU
		{AFCCA16B-5C13-49B4-983C-931D844C9F8F}.Debug|Any CPU.Build.0 = Debug|Any CPU
		{AFCCA16B-5C13-49B4-983C-931D844C9F8F}.Release|Any CPU.ActiveCfg = Release|Any CPU
		{AFCCA16B-5C13-49B4-983C-931D844C9F8F}.Release|Any CPU.Build.0 = Release|Any CPU
		{4BC95AA1-4080-4E27-BFF8-C91685623B2C}.Debug|Any CPU.ActiveCfg = Debug|Any CPU
		{4BC95AA1-4080-4E27-BFF8-C91685623B2C}.Debug|Any CPU.Build.0 = Debug|Any CPU
		{4BC95AA1-4080-4E27-BFF8-C91685623B2C}.Release|Any CPU.ActiveCfg = Release|Any CPU
		{4BC95AA1-4080-4E27-BFF8-C91685623B2C}.Release|Any CPU.Build.0 = Release|Any CPU
		{27DCFC26-1B8E-46F7-9863-3319955C8CAF}.Debug|Any CPU.ActiveCfg = Debug|Any CPU
		{27DCFC26-1B8E-46F7-9863-3319955C8CAF}.Debug|Any CPU.Build.0 = Debug|Any CPU
		{27DCFC26-1B8E-46F7-9863-3319955C8CAF}.Release|Any CPU.ActiveCfg = Release|Any CPU
		{27DCFC26-1B8E-46F7-9863-3319955C8CAF}.Release|Any CPU.Build.0 = Release|Any CPU
		{816608EE-C0EE-4024-BB7A-2BCC08864F4B}.Debug|Any CPU.ActiveCfg = Debug|Any CPU
		{816608EE-C0EE-4024-BB7A-2BCC08864F4B}.Debug|Any CPU.Build.0 = Debug|Any CPU
		{816608EE-C0EE-4024-BB7A-2BCC08864F4B}.Release|Any CPU.ActiveCfg = Release|Any CPU
		{816608EE-C0EE-4024-BB7A-2BCC08864F4B}.Release|Any CPU.Build.0 = Release|Any CPU
		{9C191318-7CB5-46B5-A802-A88252E403B3}.Debug|Any CPU.ActiveCfg = Debug|Any CPU
		{9C191318-7CB5-46B5-A802-A88252E403B3}.Debug|Any CPU.Build.0 = Debug|Any CPU
		{9C191318-7CB5-46B5-A802-A88252E403B3}.Release|Any CPU.ActiveCfg = Release|Any CPU
		{9C191318-7CB5-46B5-A802-A88252E403B3}.Release|Any CPU.Build.0 = Release|Any CPU
		{72C1A492-8534-4607-A205-E8BE3A8E4FE0}.Debug|Any CPU.ActiveCfg = Debug|Any CPU
		{72C1A492-8534-4607-A205-E8BE3A8E4FE0}.Debug|Any CPU.Build.0 = Debug|Any CPU
		{72C1A492-8534-4607-A205-E8BE3A8E4FE0}.Release|Any CPU.ActiveCfg = Release|Any CPU
		{72C1A492-8534-4607-A205-E8BE3A8E4FE0}.Release|Any CPU.Build.0 = Release|Any CPU
		{185A471E-3F7A-4E1E-A899-23F69E928DC8}.Debug|Any CPU.ActiveCfg = Debug|Any CPU
		{185A471E-3F7A-4E1E-A899-23F69E928DC8}.Debug|Any CPU.Build.0 = Debug|Any CPU
		{185A471E-3F7A-4E1E-A899-23F69E928DC8}.Release|Any CPU.ActiveCfg = Release|Any CPU
		{185A471E-3F7A-4E1E-A899-23F69E928DC8}.Release|Any CPU.Build.0 = Release|Any CPU
		{551FD5E5-524E-485F-AE83-A527741435F2}.Debug|Any CPU.ActiveCfg = Debug|Any CPU
		{551FD5E5-524E-485F-AE83-A527741435F2}.Debug|Any CPU.Build.0 = Debug|Any CPU
		{551FD5E5-524E-485F-AE83-A527741435F2}.Release|Any CPU.ActiveCfg = Release|Any CPU
		{551FD5E5-524E-485F-AE83-A527741435F2}.Release|Any CPU.Build.0 = Release|Any CPU
		{A5361267-0EC9-4388-A6D1-5342EC2CB261}.Debug|Any CPU.ActiveCfg = Debug|Any CPU
		{A5361267-0EC9-4388-A6D1-5342EC2CB261}.Debug|Any CPU.Build.0 = Debug|Any CPU
		{A5361267-0EC9-4388-A6D1-5342EC2CB261}.Release|Any CPU.ActiveCfg = Release|Any CPU
		{A5361267-0EC9-4388-A6D1-5342EC2CB261}.Release|Any CPU.Build.0 = Release|Any CPU
		{00751E22-4B25-4BD1-8FE8-6371608E4F18}.Debug|Any CPU.ActiveCfg = Debug|Any CPU
		{00751E22-4B25-4BD1-8FE8-6371608E4F18}.Debug|Any CPU.Build.0 = Debug|Any CPU
		{00751E22-4B25-4BD1-8FE8-6371608E4F18}.Release|Any CPU.ActiveCfg = Release|Any CPU
		{00751E22-4B25-4BD1-8FE8-6371608E4F18}.Release|Any CPU.Build.0 = Release|Any CPU
		{69D5B585-616D-46CE-BF0C-417FB8B425BC}.Debug|Any CPU.ActiveCfg = Debug|Any CPU
		{69D5B585-616D-46CE-BF0C-417FB8B425BC}.Debug|Any CPU.Build.0 = Debug|Any CPU
		{69D5B585-616D-46CE-BF0C-417FB8B425BC}.Release|Any CPU.ActiveCfg = Release|Any CPU
		{69D5B585-616D-46CE-BF0C-417FB8B425BC}.Release|Any CPU.Build.0 = Release|Any CPU
		{6CE3C455-6161-48FE-8EA3-24A75FBE9D13}.Debug|Any CPU.ActiveCfg = Debug|Any CPU
		{6CE3C455-6161-48FE-8EA3-24A75FBE9D13}.Debug|Any CPU.Build.0 = Debug|Any CPU
		{6CE3C455-6161-48FE-8EA3-24A75FBE9D13}.Release|Any CPU.ActiveCfg = Release|Any CPU
		{6CE3C455-6161-48FE-8EA3-24A75FBE9D13}.Release|Any CPU.Build.0 = Release|Any CPU
		{6BB365E1-3B03-4185-A5CF-31D0CA0DFBAC}.Debug|Any CPU.ActiveCfg = Debug|Any CPU
		{6BB365E1-3B03-4185-A5CF-31D0CA0DFBAC}.Debug|Any CPU.Build.0 = Debug|Any CPU
		{6BB365E1-3B03-4185-A5CF-31D0CA0DFBAC}.Release|Any CPU.ActiveCfg = Release|Any CPU
		{6BB365E1-3B03-4185-A5CF-31D0CA0DFBAC}.Release|Any CPU.Build.0 = Release|Any CPU
		{7F514113-79B8-455C-B670-CD2AE025E3E6}.Debug|Any CPU.ActiveCfg = Debug|Any CPU
		{7F514113-79B8-455C-B670-CD2AE025E3E6}.Debug|Any CPU.Build.0 = Debug|Any CPU
		{7F514113-79B8-455C-B670-CD2AE025E3E6}.Release|Any CPU.ActiveCfg = Release|Any CPU
		{7F514113-79B8-455C-B670-CD2AE025E3E6}.Release|Any CPU.Build.0 = Release|Any CPU
		{37D78E4E-0689-4380-91A4-CA37363D1013}.Debug|Any CPU.ActiveCfg = Debug|Any CPU
		{37D78E4E-0689-4380-91A4-CA37363D1013}.Debug|Any CPU.Build.0 = Debug|Any CPU
		{37D78E4E-0689-4380-91A4-CA37363D1013}.Release|Any CPU.ActiveCfg = Release|Any CPU
		{37D78E4E-0689-4380-91A4-CA37363D1013}.Release|Any CPU.Build.0 = Release|Any CPU
	EndGlobalSection
	GlobalSection(SolutionProperties) = preSolution
		HideSolutionNode = FALSE
	EndGlobalSection
EndGlobal
